
Microsoft Visual Studio Solution File, Format Version 12.00
# Visual Studio Version 16
VisualStudioVersion = 16.0.30717.126
MinimumVisualStudioVersion = 10.0.40219.1
Project("{FAE04EC0-301F-11D3-BF4B-00C04F79EFBC}") = "AOJ", "projects\AOJ\AOJ.csproj", "{44DC528A-EAD3-4606-B0EB-3222BCE36097}"
EndProject
Project("{FAE04EC0-301F-11D3-BF4B-00C04F79EFBC}") = "AOJ.Temp", "projects\AOJ.Temp\AOJ.Temp.csproj", "{6B2C228C-0503-4126-9EA9-AD82827FB8EB}"
EndProject
Project("{2150E333-8FDC-42A3-9474-1A3956D46DE8}") = "lib", "lib", "{24A87C9C-BBE8-4521-A3DC-EB7CC3CCC3DC}"
EndProject
Project("{2150E333-8FDC-42A3-9474-1A3956D46DE8}") = "Solution Items", "Solution Items", "{D93410B3-DCEE-4108-B371-963CCDF95610}"
	ProjectSection(SolutionItems) = preProject
		.editorconfig = .editorconfig
	EndProjectSection
EndProject
Project("{9A19103F-16F7-4668-BE54-9A1E7A4F7556}") = "TakyTank.KyoProLib.CSharp", "submodules\KyoProLib\projects\TakyTank.KyoProLib.CSharp\TakyTank.KyoProLib.CSharp.csproj", "{D0B3182E-1711-42C9-9E9D-4647204A9B04}"
EndProject
Project("{9A19103F-16F7-4668-BE54-9A1E7A4F7556}") = "TakyTank.KyoProLib.CSharp.V7", "submodules\KyoProLib\projects\TakyTank.KyoProLib.CSharp.V7\TakyTank.KyoProLib.CSharp.V7.csproj", "{FD9A5D30-32EC-468B-867C-3C67902EC42C}"
EndProject
Global
	GlobalSection(SolutionConfigurationPlatforms) = preSolution
		Debug|Any CPU = Debug|Any CPU
		Release|Any CPU = Release|Any CPU
	EndGlobalSection
	GlobalSection(ProjectConfigurationPlatforms) = postSolution
		{44DC528A-EAD3-4606-B0EB-3222BCE36097}.Debug|Any CPU.ActiveCfg = Debug|Any CPU
		{44DC528A-EAD3-4606-B0EB-3222BCE36097}.Debug|Any CPU.Build.0 = Debug|Any CPU
		{44DC528A-EAD3-4606-B0EB-3222BCE36097}.Release|Any CPU.ActiveCfg = Release|Any CPU
		{44DC528A-EAD3-4606-B0EB-3222BCE36097}.Release|Any CPU.Build.0 = Release|Any CPU
		{6B2C228C-0503-4126-9EA9-AD82827FB8EB}.Debug|Any CPU.ActiveCfg = Debug|Any CPU
		{6B2C228C-0503-4126-9EA9-AD82827FB8EB}.Debug|Any CPU.Build.0 = Debug|Any CPU
		{6B2C228C-0503-4126-9EA9-AD82827FB8EB}.Release|Any CPU.ActiveCfg = Release|Any CPU
		{6B2C228C-0503-4126-9EA9-AD82827FB8EB}.Release|Any CPU.Build.0 = Release|Any CPU
		{D0B3182E-1711-42C9-9E9D-4647204A9B04}.Debug|Any CPU.ActiveCfg = Debug|Any CPU
		{D0B3182E-1711-42C9-9E9D-4647204A9B04}.Debug|Any CPU.Build.0 = Debug|Any CPU
		{D0B3182E-1711-42C9-9E9D-4647204A9B04}.Release|Any CPU.ActiveCfg = Release|Any CPU
		{D0B3182E-1711-42C9-9E9D-4647204A9B04}.Release|Any CPU.Build.0 = Release|Any CPU
		{FD9A5D30-32EC-468B-867C-3C67902EC42C}.Debug|Any CPU.ActiveCfg = Debug|Any CPU
		{FD9A5D30-32EC-468B-867C-3C67902EC42C}.Debug|Any CPU.Build.0 = Debug|Any CPU
		{FD9A5D30-32EC-468B-867C-3C67902EC42C}.Release|Any CPU.ActiveCfg = Release|Any CPU
		{FD9A5D30-32EC-468B-867C-3C67902EC42C}.Release|Any CPU.Build.0 = Release|Any CPU
	EndGlobalSection
	GlobalSection(SolutionProperties) = preSolution
		HideSolutionNode = FALSE
	EndGlobalSection
	GlobalSection(NestedProjects) = preSolution
		{D0B3182E-1711-42C9-9E9D-4647204A9B04} = {24A87C9C-BBE8-4521-A3DC-EB7CC3CCC3DC}
		{FD9A5D30-32EC-468B-867C-3C67902EC42C} = {24A87C9C-BBE8-4521-A3DC-EB7CC3CCC3DC}
	EndGlobalSection
	GlobalSection(ExtensibilityGlobals) = postSolution
		SolutionGuid = {B669EA87-4E01-4AD2-B209-9ABFE8169968}
	EndGlobalSection
EndGlobal
