
Microsoft Visual Studio Solution File, Format Version 12.00
# Visual Studio Version 16
VisualStudioVersion = 16.0.30717.126
MinimumVisualStudioVersion = 10.0.40219.1
Project("{9A19103F-16F7-4668-BE54-9A1E7A4F7556}") = "YukiCoder", "projects\YukiCoder\YukiCoder.csproj", "{AA4D4954-090B-4F4F-894F-B2F2F049F50B}"
EndProject
Project("{9A19103F-16F7-4668-BE54-9A1E7A4F7556}") = "YukiCoder.Temp", "projects\YukiCoder.Temp\YukiCoder.Temp.csproj", "{F3C96024-0D0E-434B-A1FB-D16ADA616A36}"
EndProject
Project("{2150E333-8FDC-42A3-9474-1A3956D46DE8}") = "lib", "lib", "{24A87C9C-BBE8-4521-A3DC-EB7CC3CCC3DC}"
EndProject
Project("{9A19103F-16F7-4668-BE54-9A1E7A4F7556}") = "TakyTank.KyoProLib.CSharp", "submodules\KyoProLib\projects\TakyTank.KyoProLib.CSharp\TakyTank.KyoProLib.CSharp.csproj", "{ED270A92-9464-4AEE-9621-1BE797807E6E}"
EndProject
Project("{2150E333-8FDC-42A3-9474-1A3956D46DE8}") = "Solution Items", "Solution Items", "{D93410B3-DCEE-4108-B371-963CCDF95610}"
	ProjectSection(SolutionItems) = preProject
		.editorconfig = .editorconfig
	EndProjectSection
EndProject
Project("{9A19103F-16F7-4668-BE54-9A1E7A4F7556}") = "TakyTank.KyoProLib.CSharp.Core31", "submodules\KyoProLib\projects\TakyTank.KyoProLib.CSharp.Core31\TakyTank.KyoProLib.CSharp.Core31.csproj", "{D01B8532-CBCD-4B49-A86F-7D6D047329B0}"
EndProject
Global
	GlobalSection(SolutionConfigurationPlatforms) = preSolution
		Debug|Any CPU = Debug|Any CPU
		Release|Any CPU = Release|Any CPU
	EndGlobalSection
	GlobalSection(ProjectConfigurationPlatforms) = postSolution
		{AA4D4954-090B-4F4F-894F-B2F2F049F50B}.Debug|Any CPU.ActiveCfg = Debug|Any CPU
		{AA4D4954-090B-4F4F-894F-B2F2F049F50B}.Debug|Any CPU.Build.0 = Debug|Any CPU
		{AA4D4954-090B-4F4F-894F-B2F2F049F50B}.Release|Any CPU.ActiveCfg = Release|Any CPU
		{AA4D4954-090B-4F4F-894F-B2F2F049F50B}.Release|Any CPU.Build.0 = Release|Any CPU
		{F3C96024-0D0E-434B-A1FB-D16ADA616A36}.Debug|Any CPU.ActiveCfg = Debug|Any CPU
		{F3C96024-0D0E-434B-A1FB-D16ADA616A36}.Debug|Any CPU.Build.0 = Debug|Any CPU
		{F3C96024-0D0E-434B-A1FB-D16ADA616A36}.Release|Any CPU.ActiveCfg = Release|Any CPU
		{F3C96024-0D0E-434B-A1FB-D16ADA616A36}.Release|Any CPU.Build.0 = Release|Any CPU
		{ED270A92-9464-4AEE-9621-1BE797807E6E}.Debug|Any CPU.ActiveCfg = Debug|Any CPU
		{ED270A92-9464-4AEE-9621-1BE797807E6E}.Debug|Any CPU.Build.0 = Debug|Any CPU
		{ED270A92-9464-4AEE-9621-1BE797807E6E}.Release|Any CPU.ActiveCfg = Release|Any CPU
		{ED270A92-9464-4AEE-9621-1BE797807E6E}.Release|Any CPU.Build.0 = Release|Any CPU
		{D01B8532-CBCD-4B49-A86F-7D6D047329B0}.Debug|Any CPU.ActiveCfg = Debug|Any CPU
		{D01B8532-CBCD-4B49-A86F-7D6D047329B0}.Debug|Any CPU.Build.0 = Debug|Any CPU
		{D01B8532-CBCD-4B49-A86F-7D6D047329B0}.Release|Any CPU.ActiveCfg = Release|Any CPU
		{D01B8532-CBCD-4B49-A86F-7D6D047329B0}.Release|Any CPU.Build.0 = Release|Any CPU
	EndGlobalSection
	GlobalSection(SolutionProperties) = preSolution
		HideSolutionNode = FALSE
	EndGlobalSection
	GlobalSection(NestedProjects) = preSolution
		{ED270A92-9464-4AEE-9621-1BE797807E6E} = {24A87C9C-BBE8-4521-A3DC-EB7CC3CCC3DC}
		{D01B8532-CBCD-4B49-A86F-7D6D047329B0} = {24A87C9C-BBE8-4521-A3DC-EB7CC3CCC3DC}
	EndGlobalSection
	GlobalSection(ExtensibilityGlobals) = postSolution
		SolutionGuid = {B669EA87-4E01-4AD2-B209-9ABFE8169968}
	EndGlobalSection
EndGlobal
